{
  "version": 4,
  "terraform_version": "1.8.4",
  "serial": 218,
  "lineage": "38de8097-8d70-1595-3685-aad12af27977",
  "outputs": {
    "instance_group_public_ips": {
      "value": [
        "158.160.105.175",
        "158.160.107.229",
        "158.160.105.32"
      ],
      "type": [
        "list",
        "string"
      ]
    },
    "load_balancer_public_ip": {
      "value": [
        [
          "84.252.134.143"
        ]
      ],
      "type": [
        "list",
        [
          "list",
          "string"
        ]
      ]
    }
  },
  "resources": [
    {
      "mode": "managed",
      "type": "yandex_compute_instance_group",
      "name": "lamp_group",
      "provider": "provider[\"registry.terraform.io/yandex-cloud/yandex\"]",
      "instances": [
        {
          "schema_version": 0,
          "attributes": {
            "allocation_policy": [
              {
                "instance_tags_pool": [],
                "zones": [
                  "ru-central1-a"
                ]
              }
            ],
            "application_load_balancer": [],
            "created_at": "2025-02-17T16:47:25Z",
            "deletion_protection": false,
            "deploy_policy": [
              {
                "max_creating": 0,
                "max_deleting": 0,
                "max_expansion": 0,
                "max_unavailable": 1,
                "startup_duration": 0,
                "strategy": "proactive"
              }
            ],
            "description": "",
            "folder_id": "b1g21imo75hodv3r669v",
            "health_check": [
              {
                "healthy_threshold": 3,
                "http_options": [
                  {
                    "path": "/",
                    "port": 80
                  }
                ],
                "interval": 10,
                "tcp_options": [],
                "timeout": 5,
                "unhealthy_threshold": 3
              }
            ],
            "id": "cl1aol6j0e57v8qtg8i5",
            "instance_template": [
              {
                "boot_disk": [
                  {
                    "device_name": "",
                    "disk_id": "",
                    "initialize_params": [
                      {
                        "description": "",
                        "image_id": "fd827b91d99psvq5fjit",
                        "size": 3,
                        "snapshot_id": "",
                        "type": "network-hdd"
                      }
                    ],
                    "mode": "READ_WRITE",
                    "name": ""
                  }
                ],
                "description": "",
                "filesystem": [],
                "hostname": "",
                "labels": {},
                "metadata": {
                  "ssh-keys": "ubuntu:ssh-rsa AAAAB3NzaC1yc2EAAAADAQABAAABAQC90vgSs7SY9yXnnJduQoMB0ILOLQLe9hotaoAcwwcLYaQllVWnz2AyQnyV6+FzTencE3Z5irvbPOhC3/rUjiimdc9s6q5GUX4snCR0kCdm21Yvk4dvK5/nNl50N/u/MqS9pX9909L8+Hd/HJzgbZgtQjQl7QYdD/Go5lV7ZnMcvqNx2/DBZ6t56XfgT/TUqEsrpJnG/sGB12Rvv62a6qGXgHojtfsO1SBPw4iUv2NLOVaqUPVQluX3IxMwzDGQohBW7SLHtJhb+L6sn2ENXlOQTxG/r6JQP0tda+xhOx73RD1Dq8l3LUZ+7yF5MhUbtyySz/vNlPk7R1tnoO6Ia6T9 root@terraform\n",
                  "user-data": "#cloud-config\nruncmd:\n  - apt-get update\n  - apt-get install -y apache2 mysql-server php libapache2-mod-php php-mysql\n  - echo \"\u003chtml\u003e\u003cbody\u003e\u003ch1\u003eNetwork Load Balancer\u003c/h1\u003e\u003cimg src='https://storage.yandexcloud.net/shvn2025/image.jpg'\u003e\u003c/body\u003e\u003c/html\u003e\" \u003e /var/www/html/index.html\n  - systemctl restart apache2\n"
                },
                "metadata_options": [
                  {
                    "aws_v1_http_endpoint": 0,
                    "aws_v1_http_token": 0,
                    "gce_http_endpoint": 0,
                    "gce_http_token": 0
                  }
                ],
                "name": "",
                "network_interface": [
                  {
                    "dns_record": [],
                    "ip_address": "",
                    "ipv4": true,
                    "ipv6": false,
                    "ipv6_address": "",
                    "ipv6_dns_record": [],
                    "nat": true,
                    "nat_dns_record": [],
                    "nat_ip_address": "",
                    "network_id": "enpu0l87ffjipl80li4q",
                    "security_group_ids": [
                      "enp4b8fjas9d68q8hpof"
                    ],
                    "subnet_ids": [
                      "e9b4trgde5a46624r3h5"
                    ]
                  }
                ],
                "network_settings": [],
                "placement_policy": [],
                "platform_id": "standard-v3",
                "resources": [
                  {
                    "core_fraction": 100,
                    "cores": 2,
                    "gpus": 0,
                    "memory": 2
                  }
                ],
                "scheduling_policy": [
                  {
                    "preemptible": false
                  }
                ],
                "secondary_disk": [],
                "service_account_id": ""
              }
            ],
            "instances": [
              {
                "fqdn": "cl1aol6j0e57v8qtg8i5-iqob.ru-central1.internal",
                "instance_id": "fhm2jn2nohkukt0sb6p8",
                "instance_tag": "",
                "name": "cl1aol6j0e57v8qtg8i5-iqob",
                "network_interface": [
                  {
                    "index": 0,
                    "ip_address": "192.168.10.24",
                    "ipv4": true,
                    "ipv6": false,
                    "ipv6_address": "",
                    "mac_address": "d0:0d:29:dc:57:c4",
                    "nat": true,
                    "nat_ip_address": "158.160.105.175",
                    "nat_ip_version": "IPV4",
                    "subnet_id": "e9b4trgde5a46624r3h5"
                  }
                ],
                "status": "RUNNING_ACTUAL",
                "status_changed_at": "2025-02-17T16:50:35Z",
                "status_message": "",
                "zone_id": "ru-central1-a"
              },
              {
                "fqdn": "cl1aol6j0e57v8qtg8i5-esod.ru-central1.internal",
                "instance_id": "fhmpcuaive1vbek1pb7m",
                "instance_tag": "",
                "name": "cl1aol6j0e57v8qtg8i5-esod",
                "network_interface": [
                  {
                    "index": 0,
                    "ip_address": "192.168.10.10",
                    "ipv4": true,
                    "ipv6": false,
                    "ipv6_address": "",
                    "mac_address": "d0:0d:19:67:95:2f",
                    "nat": true,
                    "nat_ip_address": "158.160.107.229",
                    "nat_ip_version": "IPV4",
                    "subnet_id": "e9b4trgde5a46624r3h5"
                  }
                ],
                "status": "RUNNING_ACTUAL",
                "status_changed_at": "2025-02-17T16:49:53Z",
                "status_message": "",
                "zone_id": "ru-central1-a"
              },
              {
                "fqdn": "cl1aol6j0e57v8qtg8i5-igaw.ru-central1.internal",
                "instance_id": "fhmhdll0k2ga7tsafq1m",
                "instance_tag": "",
                "name": "cl1aol6j0e57v8qtg8i5-igaw",
                "network_interface": [
                  {
                    "index": 0,
                    "ip_address": "192.168.10.26",
                    "ipv4": true,
                    "ipv6": false,
                    "ipv6_address": "",
                    "mac_address": "d0:0d:11:6d:6a:0a",
                    "nat": true,
                    "nat_ip_address": "158.160.105.32",
                    "nat_ip_version": "IPV4",
                    "subnet_id": "e9b4trgde5a46624r3h5"
                  }
                ],
                "status": "RUNNING_ACTUAL",
                "status_changed_at": "2025-02-17T16:50:25Z",
                "status_message": "",
                "zone_id": "ru-central1-a"
              }
            ],
            "labels": null,
            "load_balancer": [],
            "max_checking_health_duration": 0,
            "name": "lamp-instance-group",
            "scale_policy": [
              {
                "auto_scale": [],
                "fixed_scale": [
                  {
                    "size": 3
                  }
                ],
                "test_auto_scale": []
              }
            ],
            "service_account_id": "ajeg5hdrbq9s7kdsk7b9",
            "status": "ACTIVE",
            "timeouts": null,
            "variables": null
          },
          "sensitive_attributes": [],
          "private": "eyJlMmJmYjczMC1lY2FhLTExZTYtOGY4OC0zNDM2M2JjN2M0YzAiOnsiY3JlYXRlIjoxODAwMDAwMDAwMDAwLCJkZWxldGUiOjE4MDAwMDAwMDAwMDAsInVwZGF0ZSI6MTgwMDAwMDAwMDAwMH19",
          "dependencies": [
            "yandex_storage_bucket.my_bucket",
            "yandex_storage_object.my_image",
            "yandex_vpc_network.network",
            "yandex_vpc_security_group.lamp_sg",
            "yandex_vpc_subnet.subnet"
          ]
        }
      ]
    },
    {
      "mode": "managed",
      "type": "yandex_lb_network_load_balancer",
      "name": "lamp_load_balancer",
      "provider": "provider[\"registry.terraform.io/yandex-cloud/yandex\"]",
      "instances": [
        {
          "schema_version": 0,
          "attributes": {
            "attached_target_group": [
              {
                "healthcheck": [
                  {
                    "healthy_threshold": 2,
                    "http_options": [
                      {
                        "path": "/",
                        "port": 80
                      }
                    ],
                    "interval": 2,
                    "name": "http-healthcheck",
                    "tcp_options": [],
                    "timeout": 1,
                    "unhealthy_threshold": 2
                  }
                ],
                "target_group_id": "enpppg9pk4nj0ajf23vs"
              }
            ],
            "created_at": "2025-02-17T16:50:39Z",
            "deletion_protection": false,
            "description": "",
            "folder_id": "b1g21imo75hodv3r669v",
            "id": "enptmg572fqi2qlm1650",
            "labels": null,
            "listener": [
              {
                "external_address_spec": [
                  {
                    "address": "84.252.134.143",
                    "ip_version": "ipv4"
                  }
                ],
                "internal_address_spec": [],
                "name": "http-listener",
                "port": 80,
                "protocol": "tcp",
                "target_port": 80
              }
            ],
            "name": "lamp-network-load-balancer",
            "region_id": "ru-central1",
            "timeouts": null,
            "type": "external"
          },
          "sensitive_attributes": [],
          "private": "eyJlMmJmYjczMC1lY2FhLTExZTYtOGY4OC0zNDM2M2JjN2M0YzAiOnsiY3JlYXRlIjozMDAwMDAwMDAwMDAsImRlbGV0ZSI6MzAwMDAwMDAwMDAwLCJ1cGRhdGUiOjMwMDAwMDAwMDAwMH19",
          "dependencies": [
            "yandex_compute_instance_group.lamp_group",
            "yandex_lb_target_group.lamp_target_group",
            "yandex_storage_bucket.my_bucket",
            "yandex_storage_object.my_image",
            "yandex_vpc_network.network",
            "yandex_vpc_security_group.lamp_sg",
            "yandex_vpc_subnet.subnet"
          ]
        }
      ]
    },
    {
      "mode": "managed",
      "type": "yandex_lb_target_group",
      "name": "lamp_target_group",
      "provider": "provider[\"registry.terraform.io/yandex-cloud/yandex\"]",
      "instances": [
        {
          "schema_version": 0,
          "attributes": {
            "created_at": "2025-02-17T16:50:37Z",
            "description": "",
            "folder_id": "b1g21imo75hodv3r669v",
            "id": "enpppg9pk4nj0ajf23vs",
            "labels": null,
            "name": "lamp-target-group",
            "region_id": "ru-central1",
            "target": [
              {
                "address": "192.168.10.10",
                "subnet_id": "e9b4trgde5a46624r3h5"
              },
              {
                "address": "192.168.10.24",
                "subnet_id": "e9b4trgde5a46624r3h5"
              },
              {
                "address": "192.168.10.26",
                "subnet_id": "e9b4trgde5a46624r3h5"
              }
            ],
            "timeouts": null
          },
          "sensitive_attributes": [],
          "private": "eyJlMmJmYjczMC1lY2FhLTExZTYtOGY4OC0zNDM2M2JjN2M0YzAiOnsiY3JlYXRlIjozMDAwMDAwMDAwMDAsImRlbGV0ZSI6MzAwMDAwMDAwMDAwLCJ1cGRhdGUiOjMwMDAwMDAwMDAwMH19",
          "dependencies": [
            "yandex_compute_instance_group.lamp_group",
            "yandex_storage_bucket.my_bucket",
            "yandex_storage_object.my_image",
            "yandex_vpc_network.network",
            "yandex_vpc_security_group.lamp_sg",
            "yandex_vpc_subnet.subnet"
          ]
        }
      ]
    },
    {
      "mode": "managed",
      "type": "yandex_storage_bucket",
      "name": "my_bucket",
      "provider": "provider[\"registry.terraform.io/yandex-cloud/yandex\"]",
      "instances": [
        {
          "schema_version": 1,
          "attributes": {
            "access_key": null,
            "acl": "public-read",
            "anonymous_access_flags": [
              {
                "config_read": true,
                "list": true,
                "read": true
              }
            ],
            "bucket": "shvn2025",
            "bucket_domain_name": "shvn2025.storage.yandexcloud.net",
            "bucket_prefix": null,
            "cors_rule": [],
            "default_storage_class": "STANDARD",
            "folder_id": "b1g21imo75hodv3r669v",
            "force_destroy": false,
            "grant": [],
            "https": [],
            "id": "shvn2025",
            "lifecycle_rule": [],
            "logging": [],
            "max_size": 0,
            "object_lock_configuration": [],
            "policy": "",
            "secret_key": null,
            "server_side_encryption_configuration": [],
            "tags": null,
            "versioning": [
              {
                "enabled": false
              }
            ],
            "website": [
              {
                "error_document": "error.html",
                "index_document": "index.html",
                "redirect_all_requests_to": "",
                "routing_rules": ""
              }
            ],
            "website_domain": "website.yandexcloud.net",
            "website_endpoint": "shvn2025.website.yandexcloud.net"
          },
          "sensitive_attributes": [
            [
              {
                "type": "get_attr",
                "value": "secret_key"
              }
            ]
          ],
          "private": "eyJzY2hlbWFfdmVyc2lvbiI6IjEifQ=="
        }
      ]
    },
    {
      "mode": "managed",
      "type": "yandex_storage_object",
      "name": "my_image",
      "provider": "provider[\"registry.terraform.io/yandex-cloud/yandex\"]",
      "instances": [
        {
          "schema_version": 0,
          "attributes": {
            "access_key": null,
            "acl": "public-read",
            "bucket": "shvn2025",
            "content": null,
            "content_base64": null,
            "content_type": "image/jpeg",
            "id": "image.jpg",
            "key": "image.jpg",
            "object_lock_legal_hold_status": null,
            "object_lock_mode": null,
            "object_lock_retain_until_date": null,
            "secret_key": null,
            "source": "/home/admon/dz-2/image.jpg",
            "source_hash": null,
            "tags": null
          },
          "sensitive_attributes": [
            [
              {
                "type": "get_attr",
                "value": "secret_key"
              }
            ]
          ],
          "private": "bnVsbA==",
          "dependencies": [
            "yandex_storage_bucket.my_bucket"
          ]
        }
      ]
    },
    {
      "mode": "managed",
      "type": "yandex_vpc_network",
      "name": "network",
      "provider": "provider[\"registry.terraform.io/yandex-cloud/yandex\"]",
      "instances": [
        {
          "schema_version": 0,
          "attributes": {
            "created_at": "2025-02-17T16:47:12Z",
            "default_security_group_id": "enpid0tf9hghvhghmlja",
            "description": "",
            "folder_id": "b1g21imo75hodv3r669v",
            "id": "enpu0l87ffjipl80li4q",
            "labels": {},
            "name": "lamp-network",
            "subnet_ids": [],
            "timeouts": null
          },
          "sensitive_attributes": [],
          "private": "eyJlMmJmYjczMC1lY2FhLTExZTYtOGY4OC0zNDM2M2JjN2M0YzAiOnsiY3JlYXRlIjo2MDAwMDAwMDAwMCwiZGVsZXRlIjo2MDAwMDAwMDAwMCwidXBkYXRlIjo2MDAwMDAwMDAwMH19"
        }
      ]
    },
    {
      "mode": "managed",
      "type": "yandex_vpc_security_group",
      "name": "lamp_sg",
      "provider": "provider[\"registry.terraform.io/yandex-cloud/yandex\"]",
      "instances": [
        {
          "schema_version": 0,
          "attributes": {
            "created_at": "2025-02-17T16:47:15Z",
            "description": "",
            "egress": [
              {
                "description": "Outgoing traffic",
                "from_port": -1,
                "id": "enpd50ebmn4jg8rp9do5",
                "labels": {},
                "port": -1,
                "predefined_target": "",
                "protocol": "ANY",
                "security_group_id": "",
                "to_port": -1,
                "v4_cidr_blocks": [
                  "0.0.0.0/0"
                ],
                "v6_cidr_blocks": []
              }
            ],
            "folder_id": "b1g21imo75hodv3r669v",
            "id": "enp4b8fjas9d68q8hpof",
            "ingress": [
              {
                "description": "HTTP",
                "from_port": -1,
                "id": "enpibfjamnbh42gasn69",
                "labels": {},
                "port": 80,
                "predefined_target": "",
                "protocol": "TCP",
                "security_group_id": "",
                "to_port": -1,
                "v4_cidr_blocks": [
                  "0.0.0.0/0"
                ],
                "v6_cidr_blocks": []
              },
              {
                "description": "HTTPS",
                "from_port": -1,
                "id": "enpnktv5pkhakkhi5p6t",
                "labels": {},
                "port": 443,
                "predefined_target": "",
                "protocol": "TCP",
                "security_group_id": "",
                "to_port": -1,
                "v4_cidr_blocks": [
                  "0.0.0.0/0"
                ],
                "v6_cidr_blocks": []
              },
              {
                "description": "SSH",
                "from_port": -1,
                "id": "enpj8hcnfcop60qio1n4",
                "labels": {},
                "port": 22,
                "predefined_target": "",
                "protocol": "TCP",
                "security_group_id": "",
                "to_port": -1,
                "v4_cidr_blocks": [
                  "0.0.0.0/0"
                ],
                "v6_cidr_blocks": []
              }
            ],
            "labels": {},
            "name": "lamp-security-group",
            "network_id": "enpu0l87ffjipl80li4q",
            "status": "ACTIVE",
            "timeouts": null
          },
          "sensitive_attributes": [],
          "private": "eyJlMmJmYjczMC1lY2FhLTExZTYtOGY4OC0zNDM2M2JjN2M0YzAiOnsiY3JlYXRlIjoxODAwMDAwMDAwMDAsImRlbGV0ZSI6MTgwMDAwMDAwMDAwLCJ1cGRhdGUiOjE4MDAwMDAwMDAwMH19",
          "dependencies": [
            "yandex_vpc_network.network"
          ]
        }
      ]
    },
    {
      "mode": "managed",
      "type": "yandex_vpc_subnet",
      "name": "subnet",
      "provider": "provider[\"registry.terraform.io/yandex-cloud/yandex\"]",
      "instances": [
        {
          "schema_version": 0,
          "attributes": {
            "created_at": "2025-02-17T16:47:14Z",
            "description": "",
            "dhcp_options": [],
            "folder_id": "b1g21imo75hodv3r669v",
            "id": "e9b4trgde5a46624r3h5",
            "labels": {},
            "name": "lamp-subnet",
            "network_id": "enpu0l87ffjipl80li4q",
            "route_table_id": "",
            "timeouts": null,
            "v4_cidr_blocks": [
              "192.168.10.0/24"
            ],
            "v6_cidr_blocks": [],
            "zone": "ru-central1-a"
          },
          "sensitive_attributes": [],
          "private": "eyJlMmJmYjczMC1lY2FhLTExZTYtOGY4OC0zNDM2M2JjN2M0YzAiOnsiY3JlYXRlIjoxODAwMDAwMDAwMDAsImRlbGV0ZSI6MTgwMDAwMDAwMDAwLCJ1cGRhdGUiOjE4MDAwMDAwMDAwMH19",
          "dependencies": [
            "yandex_vpc_network.network"
          ]
        }
      ]
    }
  ],
  "check_results": null
}
